
Microsoft Visual Studio Solution File, Format Version 12.00
# Visual Studio Version 17
VisualStudioVersion = 17.9.34902.65
MinimumVisualStudioVersion = 10.0.40219.1
Project("{FAE04EC0-301F-11D3-BF4B-00C04F79EFBC}") = "Fake language encoder", "Fake language encoder.csproj", "{FE05A63B-C220-4786-9AB8-505039287D20}"
EndProject
Global
	GlobalSection(SolutionConfigurationPlatforms) = preSolution
		Debug|Any CPU = Debug|Any CPU
		Release|Any CPU = Release|Any CPU
	EndGlobalSection
	GlobalSection(ProjectConfigurationPlatforms) = postSolution
		{FE05A63B-C220-4786-9AB8-505039287D20}.Debug|Any CPU.ActiveCfg = Debug|Any CPU
		{FE05A63B-C220-4786-9AB8-505039287D20}.Debug|Any CPU.Build.0 = Debug|Any CPU
		{FE05A63B-C220-4786-9AB8-505039287D20}.Release|Any CPU.ActiveCfg = Release|Any CPU
		{FE05A63B-C220-4786-9AB8-505039287D20}.Release|Any CPU.Build.0 = Release|Any CPU
	EndGlobalSection
	GlobalSection(SolutionProperties) = preSolution
		HideSolutionNode = FALSE
	EndGlobalSection
	GlobalSection(ExtensibilityGlobals) = postSolution
		SolutionGuid = {F9E926A5-983D-47E9-89EC-DC92AF49C0BC}
	EndGlobalSection
EndGlobal
